
Microsoft Visual Studio Solution File, Format Version 12.00
# Visual Studio Version 17
VisualStudioVersion = 17.0.31903.59
MinimumVisualStudioVersion = 10.0.40219.1
Project("{2150E333-8FDC-42A3-9474-1A3956D46DE8}") = "01_spinlock", "01_spinlock", "{3B13EB43-1983-FCB8-C039-43AA17C90514}"
EndProject
Project("{FAE04EC0-301F-11D3-BF4B-00C04F79EFBC}") = "MySpinlock", "01_spinlock\MySpinlock.csproj", "{4A7D4D3C-AF85-49F2-BBE4-F212FE2CDA2D}"
EndProject
Project("{FAE04EC0-301F-11D3-BF4B-00C04F79EFBC}") = "SpinLock.Tests", "01_spinlock\SpinLock.Tests\SpinLock.Tests.csproj", "{D26569BF-50C0-47B7-9505-77DC1177DA14}"
EndProject
Project("{2150E333-8FDC-42A3-9474-1A3956D46DE8}") = "02_mutex", "02_mutex", "{EF84C27E-EB33-BAD0-DE95-ACB8EDB5DE20}"
EndProject
Project("{FAE04EC0-301F-11D3-BF4B-00C04F79EFBC}") = "MyMutex", "02_mutex\MyMutex.csproj", "{58DD398D-9D52-4011-B5C6-E04DACA78E60}"
EndProject
Project("{FAE04EC0-301F-11D3-BF4B-00C04F79EFBC}") = "Mutex.Tests", "02_mutex\Mutex.Tests\Mutex.Tests.csproj", "{1879FA96-2B05-4F71-ACAF-67BF33366E0C}"
EndProject
Project("{2150E333-8FDC-42A3-9474-1A3956D46DE8}") = "03_semaphore", "03_semaphore", "{82BFD5DB-65BE-7FBF-828B-45458E71E57A}"
EndProject
Project("{FAE04EC0-301F-11D3-BF4B-00C04F79EFBC}") = "MySemaphore", "03_semaphore\MySemaphore.csproj", "{432CA62B-46AF-46E4-B0AA-DBBA9C92B6DB}"
EndProject
Project("{FAE04EC0-301F-11D3-BF4B-00C04F79EFBC}") = "Semaphore.Tests", "03_semaphore\Semaphore.Tests\Semaphore.Tests.csproj", "{6DBA0F40-F2E5-4623-B9D1-A0DC3AB8B57C}"
EndProject
Project("{2150E333-8FDC-42A3-9474-1A3956D46DE8}") = "04_waitgroup", "04_waitgroup", "{203F790D-9C91-BA95-744B-ED9FA20B55BD}"
EndProject
Project("{FAE04EC0-301F-11D3-BF4B-00C04F79EFBC}") = "MyWaitgroup", "04_waitgroup\MyWaitgroup.csproj", "{B85F7ABE-DC0F-41D4-8783-837C719C75C8}"
EndProject
Project("{FAE04EC0-301F-11D3-BF4B-00C04F79EFBC}") = "Waitgroup.Tests", "04_waitgroup\Waitgroup.Tests\Waitgroup.Tests.csproj", "{363282F9-383E-4CD8-ADC5-FA9130C73F16}"
EndProject
Project("{2150E333-8FDC-42A3-9474-1A3956D46DE8}") = "05_once", "05_once", "{9DFA3DEF-C6B4-C36C-885E-A6B0F6D3948F}"
EndProject
Project("{FAE04EC0-301F-11D3-BF4B-00C04F79EFBC}") = "MyOnce", "05_once\MyOnce.csproj", "{84A19D61-B39F-48B5-A740-30F46F0D623E}"
EndProject
Project("{FAE04EC0-301F-11D3-BF4B-00C04F79EFBC}") = "Once.Tests", "05_once\Once.Tests\Once.Tests.csproj", "{BC3F6AF4-5F07-4A90-99C8-3D0385D2C505}"
EndProject
Project("{2150E333-8FDC-42A3-9474-1A3956D46DE8}") = "06_rwmutex", "06_rwmutex", "{177BF0A9-275E-A58D-8812-F1C728207662}"
EndProject
Project("{FAE04EC0-301F-11D3-BF4B-00C04F79EFBC}") = "MyRWMutex", "06_rwmutex\MyRWMutex.csproj", "{D747B8DD-889E-4A7F-88C2-16A1CE83A0A3}"
EndProject
Project("{FAE04EC0-301F-11D3-BF4B-00C04F79EFBC}") = "RWMutex.Tests", "06_rwmutex\RWMutex.Tests\RWMutex.Tests.csproj", "{BF61CD88-FC3B-429E-BE90-7A98BDA82BB6}"
EndProject
Project("{2150E333-8FDC-42A3-9474-1A3956D46DE8}") = "07_barrier", "07_barrier", "{7C716D3E-3BAC-4403-CFE4-E5B76EB58FFF}"
EndProject
Project("{FAE04EC0-301F-11D3-BF4B-00C04F79EFBC}") = "MyBarrier", "07_barrier\MyBarrier.csproj", "{48FF2B03-69AA-4EEF-AE66-2A826486C132}"
EndProject
Project("{FAE04EC0-301F-11D3-BF4B-00C04F79EFBC}") = "Barrier.Tests", "07_barrier\Barrier.Tests\Barrier.Tests.csproj", "{60BC8451-093A-4A15-AD05-179D62ADFBAD}"
EndProject
Global
	GlobalSection(SolutionConfigurationPlatforms) = preSolution
		Debug|Any CPU = Debug|Any CPU
		Debug|x64 = Debug|x64
		Debug|x86 = Debug|x86
		Release|Any CPU = Release|Any CPU
		Release|x64 = Release|x64
		Release|x86 = Release|x86
	EndGlobalSection
	GlobalSection(ProjectConfigurationPlatforms) = postSolution
		{4A7D4D3C-AF85-49F2-BBE4-F212FE2CDA2D}.Debug|Any CPU.ActiveCfg = Debug|Any CPU
		{4A7D4D3C-AF85-49F2-BBE4-F212FE2CDA2D}.Debug|Any CPU.Build.0 = Debug|Any CPU
		{4A7D4D3C-AF85-49F2-BBE4-F212FE2CDA2D}.Debug|x64.ActiveCfg = Debug|Any CPU
		{4A7D4D3C-AF85-49F2-BBE4-F212FE2CDA2D}.Debug|x64.Build.0 = Debug|Any CPU
		{4A7D4D3C-AF85-49F2-BBE4-F212FE2CDA2D}.Debug|x86.ActiveCfg = Debug|Any CPU
		{4A7D4D3C-AF85-49F2-BBE4-F212FE2CDA2D}.Debug|x86.Build.0 = Debug|Any CPU
		{4A7D4D3C-AF85-49F2-BBE4-F212FE2CDA2D}.Release|Any CPU.ActiveCfg = Release|Any CPU
		{4A7D4D3C-AF85-49F2-BBE4-F212FE2CDA2D}.Release|Any CPU.Build.0 = Release|Any CPU
		{4A7D4D3C-AF85-49F2-BBE4-F212FE2CDA2D}.Release|x64.ActiveCfg = Release|Any CPU
		{4A7D4D3C-AF85-49F2-BBE4-F212FE2CDA2D}.Release|x64.Build.0 = Release|Any CPU
		{4A7D4D3C-AF85-49F2-BBE4-F212FE2CDA2D}.Release|x86.ActiveCfg = Release|Any CPU
		{4A7D4D3C-AF85-49F2-BBE4-F212FE2CDA2D}.Release|x86.Build.0 = Release|Any CPU
		{D26569BF-50C0-47B7-9505-77DC1177DA14}.Debug|Any CPU.ActiveCfg = Debug|Any CPU
		{D26569BF-50C0-47B7-9505-77DC1177DA14}.Debug|Any CPU.Build.0 = Debug|Any CPU
		{D26569BF-50C0-47B7-9505-77DC1177DA14}.Debug|x64.ActiveCfg = Debug|Any CPU
		{D26569BF-50C0-47B7-9505-77DC1177DA14}.Debug|x64.Build.0 = Debug|Any CPU
		{D26569BF-50C0-47B7-9505-77DC1177DA14}.Debug|x86.ActiveCfg = Debug|Any CPU
		{D26569BF-50C0-47B7-9505-77DC1177DA14}.Debug|x86.Build.0 = Debug|Any CPU
		{D26569BF-50C0-47B7-9505-77DC1177DA14}.Release|Any CPU.ActiveCfg = Release|Any CPU
		{D26569BF-50C0-47B7-9505-77DC1177DA14}.Release|Any CPU.Build.0 = Release|Any CPU
		{D26569BF-50C0-47B7-9505-77DC1177DA14}.Release|x64.ActiveCfg = Release|Any CPU
		{D26569BF-50C0-47B7-9505-77DC1177DA14}.Release|x64.Build.0 = Release|Any CPU
		{D26569BF-50C0-47B7-9505-77DC1177DA14}.Release|x86.ActiveCfg = Release|Any CPU
		{D26569BF-50C0-47B7-9505-77DC1177DA14}.Release|x86.Build.0 = Release|Any CPU
		{58DD398D-9D52-4011-B5C6-E04DACA78E60}.Debug|Any CPU.ActiveCfg = Debug|Any CPU
		{58DD398D-9D52-4011-B5C6-E04DACA78E60}.Debug|Any CPU.Build.0 = Debug|Any CPU
		{58DD398D-9D52-4011-B5C6-E04DACA78E60}.Debug|x64.ActiveCfg = Debug|Any CPU
		{58DD398D-9D52-4011-B5C6-E04DACA78E60}.Debug|x64.Build.0 = Debug|Any CPU
		{58DD398D-9D52-4011-B5C6-E04DACA78E60}.Debug|x86.ActiveCfg = Debug|Any CPU
		{58DD398D-9D52-4011-B5C6-E04DACA78E60}.Debug|x86.Build.0 = Debug|Any CPU
		{58DD398D-9D52-4011-B5C6-E04DACA78E60}.Release|Any CPU.ActiveCfg = Release|Any CPU
		{58DD398D-9D52-4011-B5C6-E04DACA78E60}.Release|Any CPU.Build.0 = Release|Any CPU
		{58DD398D-9D52-4011-B5C6-E04DACA78E60}.Release|x64.ActiveCfg = Release|Any CPU
		{58DD398D-9D52-4011-B5C6-E04DACA78E60}.Release|x64.Build.0 = Release|Any CPU
		{58DD398D-9D52-4011-B5C6-E04DACA78E60}.Release|x86.ActiveCfg = Release|Any CPU
		{58DD398D-9D52-4011-B5C6-E04DACA78E60}.Release|x86.Build.0 = Release|Any CPU
		{1879FA96-2B05-4F71-ACAF-67BF33366E0C}.Debug|Any CPU.ActiveCfg = Debug|Any CPU
		{1879FA96-2B05-4F71-ACAF-67BF33366E0C}.Debug|Any CPU.Build.0 = Debug|Any CPU
		{1879FA96-2B05-4F71-ACAF-67BF33366E0C}.Debug|x64.ActiveCfg = Debug|Any CPU
		{1879FA96-2B05-4F71-ACAF-67BF33366E0C}.Debug|x64.Build.0 = Debug|Any CPU
		{1879FA96-2B05-4F71-ACAF-67BF33366E0C}.Debug|x86.ActiveCfg = Debug|Any CPU
		{1879FA96-2B05-4F71-ACAF-67BF33366E0C}.Debug|x86.Build.0 = Debug|Any CPU
		{1879FA96-2B05-4F71-ACAF-67BF33366E0C}.Release|Any CPU.ActiveCfg = Release|Any CPU
		{1879FA96-2B05-4F71-ACAF-67BF33366E0C}.Release|Any CPU.Build.0 = Release|Any CPU
		{1879FA96-2B05-4F71-ACAF-67BF33366E0C}.Release|x64.ActiveCfg = Release|Any CPU
		{1879FA96-2B05-4F71-ACAF-67BF33366E0C}.Release|x64.Build.0 = Release|Any CPU
		{1879FA96-2B05-4F71-ACAF-67BF33366E0C}.Release|x86.ActiveCfg = Release|Any CPU
		{1879FA96-2B05-4F71-ACAF-67BF33366E0C}.Release|x86.Build.0 = Release|Any CPU
		{432CA62B-46AF-46E4-B0AA-DBBA9C92B6DB}.Debug|Any CPU.ActiveCfg = Debug|Any CPU
		{432CA62B-46AF-46E4-B0AA-DBBA9C92B6DB}.Debug|Any CPU.Build.0 = Debug|Any CPU
		{432CA62B-46AF-46E4-B0AA-DBBA9C92B6DB}.Debug|x64.ActiveCfg = Debug|Any CPU
		{432CA62B-46AF-46E4-B0AA-DBBA9C92B6DB}.Debug|x64.Build.0 = Debug|Any CPU
		{432CA62B-46AF-46E4-B0AA-DBBA9C92B6DB}.Debug|x86.ActiveCfg = Debug|Any CPU
		{432CA62B-46AF-46E4-B0AA-DBBA9C92B6DB}.Debug|x86.Build.0 = Debug|Any CPU
		{432CA62B-46AF-46E4-B0AA-DBBA9C92B6DB}.Release|Any CPU.ActiveCfg = Release|Any CPU
		{432CA62B-46AF-46E4-B0AA-DBBA9C92B6DB}.Release|Any CPU.Build.0 = Release|Any CPU
		{432CA62B-46AF-46E4-B0AA-DBBA9C92B6DB}.Release|x64.ActiveCfg = Release|Any CPU
		{432CA62B-46AF-46E4-B0AA-DBBA9C92B6DB}.Release|x64.Build.0 = Release|Any CPU
		{432CA62B-46AF-46E4-B0AA-DBBA9C92B6DB}.Release|x86.ActiveCfg = Release|Any CPU
		{432CA62B-46AF-46E4-B0AA-DBBA9C92B6DB}.Release|x86.Build.0 = Release|Any CPU
		{6DBA0F40-F2E5-4623-B9D1-A0DC3AB8B57C}.Debug|Any CPU.ActiveCfg = Debug|Any CPU
		{6DBA0F40-F2E5-4623-B9D1-A0DC3AB8B57C}.Debug|Any CPU.Build.0 = Debug|Any CPU
		{6DBA0F40-F2E5-4623-B9D1-A0DC3AB8B57C}.Debug|x64.ActiveCfg = Debug|Any CPU
		{6DBA0F40-F2E5-4623-B9D1-A0DC3AB8B57C}.Debug|x64.Build.0 = Debug|Any CPU
		{6DBA0F40-F2E5-4623-B9D1-A0DC3AB8B57C}.Debug|x86.ActiveCfg = Debug|Any CPU
		{6DBA0F40-F2E5-4623-B9D1-A0DC3AB8B57C}.Debug|x86.Build.0 = Debug|Any CPU
		{6DBA0F40-F2E5-4623-B9D1-A0DC3AB8B57C}.Release|Any CPU.ActiveCfg = Release|Any CPU
		{6DBA0F40-F2E5-4623-B9D1-A0DC3AB8B57C}.Release|Any CPU.Build.0 = Release|Any CPU
		{6DBA0F40-F2E5-4623-B9D1-A0DC3AB8B57C}.Release|x64.ActiveCfg = Release|Any CPU
		{6DBA0F40-F2E5-4623-B9D1-A0DC3AB8B57C}.Release|x64.Build.0 = Release|Any CPU
		{6DBA0F40-F2E5-4623-B9D1-A0DC3AB8B57C}.Release|x86.ActiveCfg = Release|Any CPU
		{6DBA0F40-F2E5-4623-B9D1-A0DC3AB8B57C}.Release|x86.Build.0 = Release|Any CPU
		{B85F7ABE-DC0F-41D4-8783-837C719C75C8}.Debug|Any CPU.ActiveCfg = Debug|Any CPU
		{B85F7ABE-DC0F-41D4-8783-837C719C75C8}.Debug|Any CPU.Build.0 = Debug|Any CPU
		{B85F7ABE-DC0F-41D4-8783-837C719C75C8}.Debug|x64.ActiveCfg = Debug|Any CPU
		{B85F7ABE-DC0F-41D4-8783-837C719C75C8}.Debug|x64.Build.0 = Debug|Any CPU
		{B85F7ABE-DC0F-41D4-8783-837C719C75C8}.Debug|x86.ActiveCfg = Debug|Any CPU
		{B85F7ABE-DC0F-41D4-8783-837C719C75C8}.Debug|x86.Build.0 = Debug|Any CPU
		{B85F7ABE-DC0F-41D4-8783-837C719C75C8}.Release|Any CPU.ActiveCfg = Release|Any CPU
		{B85F7ABE-DC0F-41D4-8783-837C719C75C8}.Release|Any CPU.Build.0 = Release|Any CPU
		{B85F7ABE-DC0F-41D4-8783-837C719C75C8}.Release|x64.ActiveCfg = Release|Any CPU
		{B85F7ABE-DC0F-41D4-8783-837C719C75C8}.Release|x64.Build.0 = Release|Any CPU
		{B85F7ABE-DC0F-41D4-8783-837C719C75C8}.Release|x86.ActiveCfg = Release|Any CPU
		{B85F7ABE-DC0F-41D4-8783-837C719C75C8}.Release|x86.Build.0 = Release|Any CPU
		{363282F9-383E-4CD8-ADC5-FA9130C73F16}.Debug|Any CPU.ActiveCfg = Debug|Any CPU
		{363282F9-383E-4CD8-ADC5-FA9130C73F16}.Debug|Any CPU.Build.0 = Debug|Any CPU
		{363282F9-383E-4CD8-ADC5-FA9130C73F16}.Debug|x64.ActiveCfg = Debug|Any CPU
		{363282F9-383E-4CD8-ADC5-FA9130C73F16}.Debug|x64.Build.0 = Debug|Any CPU
		{363282F9-383E-4CD8-ADC5-FA9130C73F16}.Debug|x86.ActiveCfg = Debug|Any CPU
		{363282F9-383E-4CD8-ADC5-FA9130C73F16}.Debug|x86.Build.0 = Debug|Any CPU
		{363282F9-383E-4CD8-ADC5-FA9130C73F16}.Release|Any CPU.ActiveCfg = Release|Any CPU
		{363282F9-383E-4CD8-ADC5-FA9130C73F16}.Release|Any CPU.Build.0 = Release|Any CPU
		{363282F9-383E-4CD8-ADC5-FA9130C73F16}.Release|x64.ActiveCfg = Release|Any CPU
		{363282F9-383E-4CD8-ADC5-FA9130C73F16}.Release|x64.Build.0 = Release|Any CPU
		{363282F9-383E-4CD8-ADC5-FA9130C73F16}.Release|x86.ActiveCfg = Release|Any CPU
		{363282F9-383E-4CD8-ADC5-FA9130C73F16}.Release|x86.Build.0 = Release|Any CPU
		{84A19D61-B39F-48B5-A740-30F46F0D623E}.Debug|Any CPU.ActiveCfg = Debug|Any CPU
		{84A19D61-B39F-48B5-A740-30F46F0D623E}.Debug|Any CPU.Build.0 = Debug|Any CPU
		{84A19D61-B39F-48B5-A740-30F46F0D623E}.Debug|x64.ActiveCfg = Debug|Any CPU
		{84A19D61-B39F-48B5-A740-30F46F0D623E}.Debug|x64.Build.0 = Debug|Any CPU
		{84A19D61-B39F-48B5-A740-30F46F0D623E}.Debug|x86.ActiveCfg = Debug|Any CPU
		{84A19D61-B39F-48B5-A740-30F46F0D623E}.Debug|x86.Build.0 = Debug|Any CPU
		{84A19D61-B39F-48B5-A740-30F46F0D623E}.Release|Any CPU.ActiveCfg = Release|Any CPU
		{84A19D61-B39F-48B5-A740-30F46F0D623E}.Release|Any CPU.Build.0 = Release|Any CPU
		{84A19D61-B39F-48B5-A740-30F46F0D623E}.Release|x64.ActiveCfg = Release|Any CPU
		{84A19D61-B39F-48B5-A740-30F46F0D623E}.Release|x64.Build.0 = Release|Any CPU
		{84A19D61-B39F-48B5-A740-30F46F0D623E}.Release|x86.ActiveCfg = Release|Any CPU
		{84A19D61-B39F-48B5-A740-30F46F0D623E}.Release|x86.Build.0 = Release|Any CPU
		{BC3F6AF4-5F07-4A90-99C8-3D0385D2C505}.Debug|Any CPU.ActiveCfg = Debug|Any CPU
		{BC3F6AF4-5F07-4A90-99C8-3D0385D2C505}.Debug|Any CPU.Build.0 = Debug|Any CPU
		{BC3F6AF4-5F07-4A90-99C8-3D0385D2C505}.Debug|x64.ActiveCfg = Debug|Any CPU
		{BC3F6AF4-5F07-4A90-99C8-3D0385D2C505}.Debug|x64.Build.0 = Debug|Any CPU
		{BC3F6AF4-5F07-4A90-99C8-3D0385D2C505}.Debug|x86.ActiveCfg = Debug|Any CPU
		{BC3F6AF4-5F07-4A90-99C8-3D0385D2C505}.Debug|x86.Build.0 = Debug|Any CPU
		{BC3F6AF4-5F07-4A90-99C8-3D0385D2C505}.Release|Any CPU.ActiveCfg = Release|Any CPU
		{BC3F6AF4-5F07-4A90-99C8-3D0385D2C505}.Release|Any CPU.Build.0 = Release|Any CPU
		{BC3F6AF4-5F07-4A90-99C8-3D0385D2C505}.Release|x64.ActiveCfg = Release|Any CPU
		{BC3F6AF4-5F07-4A90-99C8-3D0385D2C505}.Release|x64.Build.0 = Release|Any CPU
		{BC3F6AF4-5F07-4A90-99C8-3D0385D2C505}.Release|x86.ActiveCfg = Release|Any CPU
		{BC3F6AF4-5F07-4A90-99C8-3D0385D2C505}.Release|x86.Build.0 = Release|Any CPU
		{D747B8DD-889E-4A7F-88C2-16A1CE83A0A3}.Debug|Any CPU.ActiveCfg = Debug|Any CPU
		{D747B8DD-889E-4A7F-88C2-16A1CE83A0A3}.Debug|Any CPU.Build.0 = Debug|Any CPU
		{D747B8DD-889E-4A7F-88C2-16A1CE83A0A3}.Debug|x64.ActiveCfg = Debug|Any CPU
		{D747B8DD-889E-4A7F-88C2-16A1CE83A0A3}.Debug|x64.Build.0 = Debug|Any CPU
		{D747B8DD-889E-4A7F-88C2-16A1CE83A0A3}.Debug|x86.ActiveCfg = Debug|Any CPU
		{D747B8DD-889E-4A7F-88C2-16A1CE83A0A3}.Debug|x86.Build.0 = Debug|Any CPU
		{D747B8DD-889E-4A7F-88C2-16A1CE83A0A3}.Release|Any CPU.ActiveCfg = Release|Any CPU
		{D747B8DD-889E-4A7F-88C2-16A1CE83A0A3}.Release|Any CPU.Build.0 = Release|Any CPU
		{D747B8DD-889E-4A7F-88C2-16A1CE83A0A3}.Release|x64.ActiveCfg = Release|Any CPU
		{D747B8DD-889E-4A7F-88C2-16A1CE83A0A3}.Release|x64.Build.0 = Release|Any CPU
		{D747B8DD-889E-4A7F-88C2-16A1CE83A0A3}.Release|x86.ActiveCfg = Release|Any CPU
		{D747B8DD-889E-4A7F-88C2-16A1CE83A0A3}.Release|x86.Build.0 = Release|Any CPU
		{BF61CD88-FC3B-429E-BE90-7A98BDA82BB6}.Debug|Any CPU.ActiveCfg = Debug|Any CPU
		{BF61CD88-FC3B-429E-BE90-7A98BDA82BB6}.Debug|Any CPU.Build.0 = Debug|Any CPU
		{BF61CD88-FC3B-429E-BE90-7A98BDA82BB6}.Debug|x64.ActiveCfg = Debug|Any CPU
		{BF61CD88-FC3B-429E-BE90-7A98BDA82BB6}.Debug|x64.Build.0 = Debug|Any CPU
		{BF61CD88-FC3B-429E-BE90-7A98BDA82BB6}.Debug|x86.ActiveCfg = Debug|Any CPU
		{BF61CD88-FC3B-429E-BE90-7A98BDA82BB6}.Debug|x86.Build.0 = Debug|Any CPU
		{BF61CD88-FC3B-429E-BE90-7A98BDA82BB6}.Release|Any CPU.ActiveCfg = Release|Any CPU
		{BF61CD88-FC3B-429E-BE90-7A98BDA82BB6}.Release|Any CPU.Build.0 = Release|Any CPU
		{BF61CD88-FC3B-429E-BE90-7A98BDA82BB6}.Release|x64.ActiveCfg = Release|Any CPU
		{BF61CD88-FC3B-429E-BE90-7A98BDA82BB6}.Release|x64.Build.0 = Release|Any CPU
		{BF61CD88-FC3B-429E-BE90-7A98BDA82BB6}.Release|x86.ActiveCfg = Release|Any CPU
		{BF61CD88-FC3B-429E-BE90-7A98BDA82BB6}.Release|x86.Build.0 = Release|Any CPU
		{48FF2B03-69AA-4EEF-AE66-2A826486C132}.Debug|Any CPU.ActiveCfg = Debug|Any CPU
		{48FF2B03-69AA-4EEF-AE66-2A826486C132}.Debug|Any CPU.Build.0 = Debug|Any CPU
		{48FF2B03-69AA-4EEF-AE66-2A826486C132}.Debug|x64.ActiveCfg = Debug|Any CPU
		{48FF2B03-69AA-4EEF-AE66-2A826486C132}.Debug|x64.Build.0 = Debug|Any CPU
		{48FF2B03-69AA-4EEF-AE66-2A826486C132}.Debug|x86.ActiveCfg = Debug|Any CPU
		{48FF2B03-69AA-4EEF-AE66-2A826486C132}.Debug|x86.Build.0 = Debug|Any CPU
		{48FF2B03-69AA-4EEF-AE66-2A826486C132}.Release|Any CPU.ActiveCfg = Release|Any CPU
		{48FF2B03-69AA-4EEF-AE66-2A826486C132}.Release|Any CPU.Build.0 = Release|Any CPU
		{48FF2B03-69AA-4EEF-AE66-2A826486C132}.Release|x64.ActiveCfg = Release|Any CPU
		{48FF2B03-69AA-4EEF-AE66-2A826486C132}.Release|x64.Build.0 = Release|Any CPU
		{48FF2B03-69AA-4EEF-AE66-2A826486C132}.Release|x86.ActiveCfg = Release|Any CPU
		{48FF2B03-69AA-4EEF-AE66-2A826486C132}.Release|x86.Build.0 = Release|Any CPU
		{60BC8451-093A-4A15-AD05-179D62ADFBAD}.Debug|Any CPU.ActiveCfg = Debug|Any CPU
		{60BC8451-093A-4A15-AD05-179D62ADFBAD}.Debug|Any CPU.Build.0 = Debug|Any CPU
		{60BC8451-093A-4A15-AD05-179D62ADFBAD}.Debug|x64.ActiveCfg = Debug|Any CPU
		{60BC8451-093A-4A15-AD05-179D62ADFBAD}.Debug|x64.Build.0 = Debug|Any CPU
		{60BC8451-093A-4A15-AD05-179D62ADFBAD}.Debug|x86.ActiveCfg = Debug|Any CPU
		{60BC8451-093A-4A15-AD05-179D62ADFBAD}.Debug|x86.Build.0 = Debug|Any CPU
		{60BC8451-093A-4A15-AD05-179D62ADFBAD}.Release|Any CPU.ActiveCfg = Release|Any CPU
		{60BC8451-093A-4A15-AD05-179D62ADFBAD}.Release|Any CPU.Build.0 = Release|Any CPU
		{60BC8451-093A-4A15-AD05-179D62ADFBAD}.Release|x64.ActiveCfg = Release|Any CPU
		{60BC8451-093A-4A15-AD05-179D62ADFBAD}.Release|x64.Build.0 = Release|Any CPU
		{60BC8451-093A-4A15-AD05-179D62ADFBAD}.Release|x86.ActiveCfg = Release|Any CPU
		{60BC8451-093A-4A15-AD05-179D62ADFBAD}.Release|x86.Build.0 = Release|Any CPU
	EndGlobalSection
	GlobalSection(SolutionProperties) = preSolution
		HideSolutionNode = FALSE
	EndGlobalSection
	GlobalSection(NestedProjects) = preSolution
		{4A7D4D3C-AF85-49F2-BBE4-F212FE2CDA2D} = {3B13EB43-1983-FCB8-C039-43AA17C90514}
		{D26569BF-50C0-47B7-9505-77DC1177DA14} = {3B13EB43-1983-FCB8-C039-43AA17C90514}
		{58DD398D-9D52-4011-B5C6-E04DACA78E60} = {EF84C27E-EB33-BAD0-DE95-ACB8EDB5DE20}
		{1879FA96-2B05-4F71-ACAF-67BF33366E0C} = {EF84C27E-EB33-BAD0-DE95-ACB8EDB5DE20}
		{432CA62B-46AF-46E4-B0AA-DBBA9C92B6DB} = {82BFD5DB-65BE-7FBF-828B-45458E71E57A}
		{6DBA0F40-F2E5-4623-B9D1-A0DC3AB8B57C} = {82BFD5DB-65BE-7FBF-828B-45458E71E57A}
		{B85F7ABE-DC0F-41D4-8783-837C719C75C8} = {203F790D-9C91-BA95-744B-ED9FA20B55BD}
		{363282F9-383E-4CD8-ADC5-FA9130C73F16} = {203F790D-9C91-BA95-744B-ED9FA20B55BD}
		{84A19D61-B39F-48B5-A740-30F46F0D623E} = {9DFA3DEF-C6B4-C36C-885E-A6B0F6D3948F}
		{BC3F6AF4-5F07-4A90-99C8-3D0385D2C505} = {9DFA3DEF-C6B4-C36C-885E-A6B0F6D3948F}
		{D747B8DD-889E-4A7F-88C2-16A1CE83A0A3} = {177BF0A9-275E-A58D-8812-F1C728207662}
		{BF61CD88-FC3B-429E-BE90-7A98BDA82BB6} = {177BF0A9-275E-A58D-8812-F1C728207662}
		{48FF2B03-69AA-4EEF-AE66-2A826486C132} = {7C716D3E-3BAC-4403-CFE4-E5B76EB58FFF}
		{60BC8451-093A-4A15-AD05-179D62ADFBAD} = {7C716D3E-3BAC-4403-CFE4-E5B76EB58FFF}
	EndGlobalSection
EndGlobal
